
Microsoft Visual Studio Solution File, Format Version 12.00
# Visual Studio Version 16
VisualStudioVersion = 16.0.30717.126
MinimumVisualStudioVersion = 10.0.40219.1
Project("{FAE04EC0-301F-11D3-BF4B-00C04F79EFBC}") = "Projekwoche-Dezember2020", "Projekwoche-Dezember2020.csproj", "{AC352121-B2B0-44B1-A3AF-4FE18B8CAC3D}"
EndProject
Project("{FAE04EC0-301F-11D3-BF4B-00C04F79EFBC}") = "ConsoleApp1", "..\ConsoleApp1\ConsoleApp1.csproj", "{123D4957-ED23-4B7C-B1AF-99AC0820C712}"
EndProject
Global
	GlobalSection(SolutionConfigurationPlatforms) = preSolution
		Debug|Any CPU = Debug|Any CPU
		Release|Any CPU = Release|Any CPU
	EndGlobalSection
	GlobalSection(ProjectConfigurationPlatforms) = postSolution
		{AC352121-B2B0-44B1-A3AF-4FE18B8CAC3D}.Debug|Any CPU.ActiveCfg = Debug|Any CPU
		{AC352121-B2B0-44B1-A3AF-4FE18B8CAC3D}.Debug|Any CPU.Build.0 = Debug|Any CPU
		{AC352121-B2B0-44B1-A3AF-4FE18B8CAC3D}.Release|Any CPU.ActiveCfg = Release|Any CPU
		{AC352121-B2B0-44B1-A3AF-4FE18B8CAC3D}.Release|Any CPU.Build.0 = Release|Any CPU
		{123D4957-ED23-4B7C-B1AF-99AC0820C712}.Debug|Any CPU.ActiveCfg = Debug|Any CPU
		{123D4957-ED23-4B7C-B1AF-99AC0820C712}.Debug|Any CPU.Build.0 = Debug|Any CPU
		{123D4957-ED23-4B7C-B1AF-99AC0820C712}.Release|Any CPU.ActiveCfg = Release|Any CPU
		{123D4957-ED23-4B7C-B1AF-99AC0820C712}.Release|Any CPU.Build.0 = Release|Any CPU
	EndGlobalSection
	GlobalSection(SolutionProperties) = preSolution
		HideSolutionNode = FALSE
	EndGlobalSection
	GlobalSection(ExtensibilityGlobals) = postSolution
		SolutionGuid = {21BF7C03-91C1-4B36-8ED7-9C34BDBC1252}
	EndGlobalSection
EndGlobal
